<?xml version="1.0" encoding="utf-8"?>
<Project ToolsVersion="4.0" xmlns="http://schemas.microsoft.com/developer/msbuild/2003">
  <ItemGroup>
    <Filter Include="Header Files">
      <UniqueIdentifier>{93995380-89BD-4b04-88EB-625FBE52EBFB}</UniqueIdentifier>
      <Extensions>h;hpp;hxx;hm;inl;inc;xsd</Extensions>
    </Filter>
    <Filter Include="Header Files">
      <UniqueIdentifier>{93995380-89BD-4b04-88EB-625FBE52EBFB}</UniqueIdentifier>
      <Extensions>h;hpp;hxx;hm;inl;inc;xsd</Extensions>
    </Filter>
    <Filter Include="Source Files">
      <UniqueIdentifier>{4FC737F1-C7A5-4376-A066-2A32D752A2FF}</UniqueIdentifier>
      <Extensions>cpp;c;cxx;def;odl;idl;hpj;bat;asm;asmx</Extensions>
    </Filter>
    <Filter Include="Source Files">
      <UniqueIdentifier>{4FC737F1-C7A5-4376-A066-2A32D752A2FF}</UniqueIdentifier>
      <Extensions>cpp;c;cxx;def;odl;idl;hpj;bat;asm;asmx</Extensions>
    </Filter>
  </ItemGroup>
  <ItemGroup>
    <ClCompile Include="blitz.cpp">
      <Filter>Source Files</Filter>
    </ClCompile>
    <ClCompile Include="blitzcpu.cpp">
      <Filter>Source Files</Filter>
    </ClCompile>
    <ClCompile Include="colors.cpp">
      <Filter>Source Files</Filter>
    </ClCompile>
    <ClCompile Include="convolve.cpp">
      <Filter>Source Files</Filter>
    </ClCompile>
    <ClCompile Include="gradient.cpp">
      <Filter>Source Files</Filter>
    </ClCompile>
    <ClCompile Include="histogram.cpp">
      <Filter>Source Files</Filter>
    </ClCompile>
    <ClCompile Include="ocv.cpp">
      <Filter>Source Files</Filter>
    </ClCompile>
    <ClCompile Include="scale.cpp">
      <Filter>Source Files</Filter>
    </ClCompile>
    <ClCompile Include="scalefilter.cpp">
      <Filter>Source Files</Filter>
    </ClCompile>
  </ItemGroup>
  <ItemGroup>
    <ClInclude Include="private\blitz_p.h">
      <Filter>Header Files</Filter>
    </ClInclude>
    <ClInclude Include="blitzcpu.h">
      <Filter>Header Files</Filter>
    </ClInclude>
    <ClInclude Include="private\inlinehsv.h">
      <Filter>Header Files</Filter>
    </ClInclude>
    <ClInclude Include="private\interpolate.h">
      <Filter>Header Files</Filter>
    </ClInclude>
    <ClInclude Include="ocv.h">
      <Filter>Header Files</Filter>
    </ClInclude>
    <ClInclude Include="qimageblitz.h">
      <Filter>Header Files</Filter>
    </ClInclude>
    <ClInclude Include="qimageblitz_export.h">
      <Filter>Header Files</Filter>
    </ClInclude>
  </ItemGroup>
</Project>